
Microsoft Visual Studio Solution File, Format Version 12.00
# Visual Studio Version 16
VisualStudioVersion = 16.0.30330.147
MinimumVisualStudioVersion = 10.0.40219.1
Project("{FAE04EC0-301F-11D3-BF4B-00C04F79EFBC}") = "NTCOM-WPF", "NTCOM-WPF.csproj", "{453E78D3-0605-4E8E-B5AA-3CA608ACFF86}"
EndProject
Global
	GlobalSection(SolutionConfigurationPlatforms) = preSolution
		Debug|Any CPU = Debug|Any CPU
		Release|Any CPU = Release|Any CPU
	EndGlobalSection
	GlobalSection(ProjectConfigurationPlatforms) = postSolution
		{453E78D3-0605-4E8E-B5AA-3CA608ACFF86}.Debug|Any CPU.ActiveCfg = Debug|Any CPU
		{453E78D3-0605-4E8E-B5AA-3CA608ACFF86}.Debug|Any CPU.Build.0 = Debug|Any CPU
		{453E78D3-0605-4E8E-B5AA-3CA608ACFF86}.Release|Any CPU.ActiveCfg = Release|Any CPU
		{453E78D3-0605-4E8E-B5AA-3CA608ACFF86}.Release|Any CPU.Build.0 = Release|Any CPU
	EndGlobalSection
	GlobalSection(SolutionProperties) = preSolution
		HideSolutionNode = FALSE
	EndGlobalSection
	GlobalSection(ExtensibilityGlobals) = postSolution
		SolutionGuid = {4F151ECA-4C84-43F3-A472-0F18E206E902}
	EndGlobalSection
EndGlobal
